# This file was autogenerated by Stack.
# You should not edit this file by hand.
# For more information, please see the documentation at:
#   https://docs.haskellstack.org/en/stable/lock_files

packages:
- completed:
    hackage: wai-middleware-prometheus-1.0.0@sha256:1625792914fb2139f005685be8ce519111451cfb854816e430fbf54af46238b4,1314
    pantry-tree:
      size: 307
      sha256: 6d64803c639ed4c7204ea6fab0536b97d3ee16cdecb9b4a883cd8e56d3c61402
  original:
    hackage: wai-middleware-prometheus-1.0.0
- completed:
    hackage: prometheus-client-1.0.0@sha256:49c66cb52200363b4fe4254dca96ddb0c587f076673e29d530e8864e6f8bc362,2518
    pantry-tree:
      size: 1225
      sha256: a72305cc651b4adc527d1b2ac6e096a3b3ed4edb64463cf4aa27cf8aca1d543d
  original:
    hackage: prometheus-client-1.0.0
- completed:
    hackage: prometheus-metrics-ghc-1.0.0@sha256:0f4ecbefa810bd847e66c498ab3387bf21e426525a7c9a94841973c582719ba3,1231
    pantry-tree:
      size: 293
      sha256: 8a6d6ef3235ab980e867f64b712b5d38f1a84c3ac4920f5b4c3b3e63bcdf6ec9
  original:
    hackage: prometheus-metrics-ghc-1.0.0
snapshots:
- completed:
    size: 523448
    url: https://raw.githubusercontent.com/commercialhaskell/stackage-snapshots/master/lts/14/1.yaml
    sha256: 0045b9bae36c3bb2dd374c29b586389845af1557eea0423958d152fc500d4fbf
  original: lts-14.1
